// !$*UTF8*$!
{
	archiveVersion = 1;
	classes = {
	};
	objectVersion = 48;
	objects = {

/* Begin PBXBuildFile section */
		3F9DF9D56770A2A13A8EFEEE /* Pods_GPA_Pal.framework in Frameworks */ = {isa = PBXBuildFile; fileRef = 211CF7101DA84588E9039062 /* Pods_GPA_Pal.framework */; };
		B512D9851FBBD81C001027F4 /* CourseListTableViewCell.swift in Sources */ = {isa = PBXBuildFile; fileRef = B512D9841FBBD81C001027F4 /* CourseListTableViewCell.swift */; };
		B53552EC1FB7E99F00F8995E /* SemesterConfig.swift in Sources */ = {isa = PBXBuildFile; fileRef = B53552EB1FB7E99F00F8995E /* SemesterConfig.swift */; };
		B56EB42A1FD3580900942FC5 /* GraphViewController.swift in Sources */ = {isa = PBXBuildFile; fileRef = B56EB4291FD3580900942FC5 /* GraphViewController.swift */; };
		B57FDBA61FCE4CEF006C4BC3 /* SettingsViewController.swift in Sources */ = {isa = PBXBuildFile; fileRef = B57FDBA51FCE4CEF006C4BC3 /* SettingsViewController.swift */; };
		B580CA3E1FA6769500945EE6 /* AppDelegate.swift in Sources */ = {isa = PBXBuildFile; fileRef = B580CA3D1FA6769500945EE6 /* AppDelegate.swift */; };
		B580CA431FA6769500945EE6 /* Main.storyboard in Resources */ = {isa = PBXBuildFile; fileRef = B580CA411FA6769500945EE6 /* Main.storyboard */; };
		B580CA461FA6769500945EE6 /* GPA_Pal.xcdatamodeld in Sources */ = {isa = PBXBuildFile; fileRef = B580CA441FA6769500945EE6 /* GPA_Pal.xcdatamodeld */; };
		B580CA481FA6769500945EE6 /* Assets.xcassets in Resources */ = {isa = PBXBuildFile; fileRef = B580CA471FA6769500945EE6 /* Assets.xcassets */; };
		B580CA4B1FA6769500945EE6 /* LaunchScreen.storyboard in Resources */ = {isa = PBXBuildFile; fileRef = B580CA491FA6769500945EE6 /* LaunchScreen.storyboard */; };
		B580CA531FA682FC00945EE6 /* LoginViewController.swift in Sources */ = {isa = PBXBuildFile; fileRef = B580CA521FA682FC00945EE6 /* LoginViewController.swift */; };
		B580CA551FA6849F00945EE6 /* SignUpViewController.swift in Sources */ = {isa = PBXBuildFile; fileRef = B580CA541FA6849F00945EE6 /* SignUpViewController.swift */; };
		B580CA571FA6862700945EE6 /* SemestersViewController.swift in Sources */ = {isa = PBXBuildFile; fileRef = B580CA561FA6862700945EE6 /* SemestersViewController.swift */; };
		B580CA5B1FA689AE00945EE6 /* SemestersTableViewCell.swift in Sources */ = {isa = PBXBuildFile; fileRef = B580CA5A1FA689AE00945EE6 /* SemestersTableViewCell.swift */; };
		B580CA5F1FA68DDE00945EE6 /* CourseViewController.swift in Sources */ = {isa = PBXBuildFile; fileRef = B580CA5E1FA68DDE00945EE6 /* CourseViewController.swift */; };
		B580CA611FA692D400945EE6 /* AddCourseViewController.swift in Sources */ = {isa = PBXBuildFile; fileRef = B580CA601FA692D400945EE6 /* AddCourseViewController.swift */; };
		B5E429491FA9554A0041DF1A /* Group4README in Resources */ = {isa = PBXBuildFile; fileRef = B5E429481FA9554A0041DF1A /* Group4README */; };
		BF3AF74F1FA9688F00888E34 /* SectionTableViewCell.swift in Sources */ = {isa = PBXBuildFile; fileRef = BF3AF74E1FA9688F00888E34 /* SectionTableViewCell.swift */; };
		E50A546E1FC2939900D656D4 /* AddNewGradeViewController.swift in Sources */ = {isa = PBXBuildFile; fileRef = E50A546D1FC2939900D656D4 /* AddNewGradeViewController.swift */; };
		E590FFE91FD3459B0065F2CB /* Resource.swift in Sources */ = {isa = PBXBuildFile; fileRef = E590FFE81FD3459B0065F2CB /* Resource.swift */; };
		E590FFEB1FD346460065F2CB /* ResourceList.swift in Sources */ = {isa = PBXBuildFile; fileRef = E590FFEA1FD346460065F2CB /* ResourceList.swift */; };
		E59672411FBBDD0400D02F55 /* SectionTableViewController.swift in Sources */ = {isa = PBXBuildFile; fileRef = E59672401FBBDD0400D02F55 /* SectionTableViewController.swift */; };
		E59672431FBBDE4A00D02F55 /* GoalReacherViewController.swift in Sources */ = {isa = PBXBuildFile; fileRef = E59672421FBBDE4A00D02F55 /* GoalReacherViewController.swift */; };
		E59672451FBBDF8800D02F55 /* CourseDetailsViewController.swift in Sources */ = {isa = PBXBuildFile; fileRef = E59672441FBBDF8800D02F55 /* CourseDetailsViewController.swift */; };
		E5A4709D1FC2503A0043247C /* SectionConfig.swift in Sources */ = {isa = PBXBuildFile; fileRef = E5A4709C1FC2503A0043247C /* SectionConfig.swift */; };
		E5A4709F1FC25B950043247C /* CourseDetailsTableViewCell.swift in Sources */ = {isa = PBXBuildFile; fileRef = E5A4709E1FC25B950043247C /* CourseDetailsTableViewCell.swift */; };
		E5A48A171FA8F42900435C02 /* Config.swift in Sources */ = {isa = PBXBuildFile; fileRef = E5A48A161FA8F42900435C02 /* Config.swift */; };
		E5BA3B101FC0F225003DF7B2 /* CourseConfig.swift in Sources */ = {isa = PBXBuildFile; fileRef = E5BA3B0F1FC0F225003DF7B2 /* CourseConfig.swift */; };
		E5BA3B121FC240FD003DF7B2 /* SectionListTableViewCell.swift in Sources */ = {isa = PBXBuildFile; fileRef = E5BA3B111FC240FD003DF7B2 /* SectionListTableViewCell.swift */; };
/* End PBXBuildFile section */

/* Begin PBXFileReference section */
		211CF7101DA84588E9039062 /* Pods_GPA_Pal.framework */ = {isa = PBXFileReference; explicitFileType = wrapper.framework; includeInIndex = 0; path = Pods_GPA_Pal.framework; sourceTree = BUILT_PRODUCTS_DIR; };
		770ABE9940BB8818207EAAD6 /* Pods-GPA Pal.release.xcconfig */ = {isa = PBXFileReference; includeInIndex = 1; lastKnownFileType = text.xcconfig; name = "Pods-GPA Pal.release.xcconfig"; path = "Pods/Target Support Files/Pods-GPA Pal/Pods-GPA Pal.release.xcconfig"; sourceTree = "<group>"; };
		B512D9841FBBD81C001027F4 /* CourseListTableViewCell.swift */ = {isa = PBXFileReference; lastKnownFileType = sourcecode.swift; path = CourseListTableViewCell.swift; sourceTree = "<group>"; };
		B53552EB1FB7E99F00F8995E /* SemesterConfig.swift */ = {isa = PBXFileReference; lastKnownFileType = sourcecode.swift; path = SemesterConfig.swift; sourceTree = "<group>"; };
		B56EB4291FD3580900942FC5 /* GraphViewController.swift */ = {isa = PBXFileReference; lastKnownFileType = sourcecode.swift; path = GraphViewController.swift; sourceTree = "<group>"; };
		B57FDBA51FCE4CEF006C4BC3 /* SettingsViewController.swift */ = {isa = PBXFileReference; lastKnownFileType = sourcecode.swift; path = SettingsViewController.swift; sourceTree = "<group>"; };
		B580CA3A1FA6769500945EE6 /* GPA Pal.app */ = {isa = PBXFileReference; explicitFileType = wrapper.application; includeInIndex = 0; path = "GPA Pal.app"; sourceTree = BUILT_PRODUCTS_DIR; };
		B580CA3D1FA6769500945EE6 /* AppDelegate.swift */ = {isa = PBXFileReference; lastKnownFileType = sourcecode.swift; path = AppDelegate.swift; sourceTree = "<group>"; };
		B580CA421FA6769500945EE6 /* Base */ = {isa = PBXFileReference; lastKnownFileType = file.storyboard; name = Base; path = Base.lproj/Main.storyboard; sourceTree = "<group>"; };
		B580CA451FA6769500945EE6 /* GPA_Pal.xcdatamodel */ = {isa = PBXFileReference; lastKnownFileType = wrapper.xcdatamodel; path = GPA_Pal.xcdatamodel; sourceTree = "<group>"; };
		B580CA471FA6769500945EE6 /* Assets.xcassets */ = {isa = PBXFileReference; lastKnownFileType = folder.assetcatalog; path = Assets.xcassets; sourceTree = "<group>"; };
		B580CA4A1FA6769500945EE6 /* Base */ = {isa = PBXFileReference; lastKnownFileType = file.storyboard; name = Base; path = Base.lproj/LaunchScreen.storyboard; sourceTree = "<group>"; };
		B580CA4C1FA6769500945EE6 /* Info.plist */ = {isa = PBXFileReference; lastKnownFileType = text.plist.xml; path = Info.plist; sourceTree = "<group>"; };
		B580CA521FA682FC00945EE6 /* LoginViewController.swift */ = {isa = PBXFileReference; lastKnownFileType = sourcecode.swift; path = LoginViewController.swift; sourceTree = "<group>"; };
		B580CA541FA6849F00945EE6 /* SignUpViewController.swift */ = {isa = PBXFileReference; lastKnownFileType = sourcecode.swift; path = SignUpViewController.swift; sourceTree = "<group>"; };
		B580CA561FA6862700945EE6 /* SemestersViewController.swift */ = {isa = PBXFileReference; lastKnownFileType = sourcecode.swift; path = SemestersViewController.swift; sourceTree = "<group>"; };
		B580CA5A1FA689AE00945EE6 /* SemestersTableViewCell.swift */ = {isa = PBXFileReference; lastKnownFileType = sourcecode.swift; path = SemestersTableViewCell.swift; sourceTree = "<group>"; };
		B580CA5E1FA68DDE00945EE6 /* CourseViewController.swift */ = {isa = PBXFileReference; lastKnownFileType = sourcecode.swift; path = CourseViewController.swift; sourceTree = "<group>"; };
		B580CA601FA692D400945EE6 /* AddCourseViewController.swift */ = {isa = PBXFileReference; lastKnownFileType = sourcecode.swift; path = AddCourseViewController.swift; sourceTree = "<group>"; };
		B5E429481FA9554A0041DF1A /* Group4README */ = {isa = PBXFileReference; lastKnownFileType = text; path = Group4README; sourceTree = "<group>"; };
		BF3AF74E1FA9688F00888E34 /* SectionTableViewCell.swift */ = {isa = PBXFileReference; lastKnownFileType = sourcecode.swift; path = SectionTableViewCell.swift; sourceTree = "<group>"; };
		D49B5AEA9C243D80DE22816E /* Pods-GPA Pal.debug.xcconfig */ = {isa = PBXFileReference; includeInIndex = 1; lastKnownFileType = text.xcconfig; name = "Pods-GPA Pal.debug.xcconfig"; path = "Pods/Target Support Files/Pods-GPA Pal/Pods-GPA Pal.debug.xcconfig"; sourceTree = "<group>"; };
		E50A546D1FC2939900D656D4 /* AddNewGradeViewController.swift */ = {isa = PBXFileReference; lastKnownFileType = sourcecode.swift; path = AddNewGradeViewController.swift; sourceTree = "<group>"; };
		E590FFE81FD3459B0065F2CB /* Resource.swift */ = {isa = PBXFileReference; lastKnownFileType = sourcecode.swift; path = Resource.swift; sourceTree = "<group>"; };
		E590FFEA1FD346460065F2CB /* ResourceList.swift */ = {isa = PBXFileReference; lastKnownFileType = sourcecode.swift; path = ResourceList.swift; sourceTree = "<group>"; };
		E59672401FBBDD0400D02F55 /* SectionTableViewController.swift */ = {isa = PBXFileReference; lastKnownFileType = sourcecode.swift; path = SectionTableViewController.swift; sourceTree = "<group>"; };
		E59672421FBBDE4A00D02F55 /* GoalReacherViewController.swift */ = {isa = PBXFileReference; lastKnownFileType = sourcecode.swift; path = GoalReacherViewController.swift; sourceTree = "<group>"; };
		E59672441FBBDF8800D02F55 /* CourseDetailsViewController.swift */ = {isa = PBXFileReference; lastKnownFileType = sourcecode.swift; path = CourseDetailsViewController.swift; sourceTree = "<group>"; };
		E5A4709C1FC2503A0043247C /* SectionConfig.swift */ = {isa = PBXFileReference; lastKnownFileType = sourcecode.swift; path = SectionConfig.swift; sourceTree = "<group>"; };
		E5A4709E1FC25B950043247C /* CourseDetailsTableViewCell.swift */ = {isa = PBXFileReference; lastKnownFileType = sourcecode.swift; path = CourseDetailsTableViewCell.swift; sourceTree = "<group>"; };
		E5A48A161FA8F42900435C02 /* Config.swift */ = {isa = PBXFileReference; lastKnownFileType = sourcecode.swift; path = Config.swift; sourceTree = "<group>"; };
		E5BA3B0F1FC0F225003DF7B2 /* CourseConfig.swift */ = {isa = PBXFileReference; lastKnownFileType = sourcecode.swift; path = CourseConfig.swift; sourceTree = "<group>"; };
		E5BA3B111FC240FD003DF7B2 /* SectionListTableViewCell.swift */ = {isa = PBXFileReference; lastKnownFileType = sourcecode.swift; path = SectionListTableViewCell.swift; sourceTree = "<group>"; };
/* End PBXFileReference section */

/* Begin PBXFrameworksBuildPhase section */
		B580CA371FA6769500945EE6 /* Frameworks */ = {
			isa = PBXFrameworksBuildPhase;
			buildActionMask = 2147483647;
			files = (
				3F9DF9D56770A2A13A8EFEEE /* Pods_GPA_Pal.framework in Frameworks */,
			);
			runOnlyForDeploymentPostprocessing = 0;
		};
/* End PBXFrameworksBuildPhase section */

/* Begin PBXGroup section */
		60BF8C42EE021D1EAB0224EA /* Pods */ = {
			isa = PBXGroup;
			children = (
				D49B5AEA9C243D80DE22816E /* Pods-GPA Pal.debug.xcconfig */,
				770ABE9940BB8818207EAAD6 /* Pods-GPA Pal.release.xcconfig */,
			);
			name = Pods;
			sourceTree = "<group>";
		};
		B580CA311FA6769500945EE6 = {
			isa = PBXGroup;
			children = (
				B580CA3C1FA6769500945EE6 /* GPA Pal */,
				B580CA3B1FA6769500945EE6 /* Products */,
				60BF8C42EE021D1EAB0224EA /* Pods */,
				E0D97914EEAA31C206F7CC3C /* Frameworks */,
			);
			sourceTree = "<group>";
		};
		B580CA3B1FA6769500945EE6 /* Products */ = {
			isa = PBXGroup;
			children = (
				B580CA3A1FA6769500945EE6 /* GPA Pal.app */,
			);
			name = Products;
			sourceTree = "<group>";
		};
		B580CA3C1FA6769500945EE6 /* GPA Pal */ = {
			isa = PBXGroup;
			children = (
				B5E429481FA9554A0041DF1A /* Group4README */,
				B580CA3D1FA6769500945EE6 /* AppDelegate.swift */,
				B580CA521FA682FC00945EE6 /* LoginViewController.swift */,
				B580CA541FA6849F00945EE6 /* SignUpViewController.swift */,
				B580CA561FA6862700945EE6 /* SemestersViewController.swift */,
				B580CA5A1FA689AE00945EE6 /* SemestersTableViewCell.swift */,
				B580CA5E1FA68DDE00945EE6 /* CourseViewController.swift */,
				E59672441FBBDF8800D02F55 /* CourseDetailsViewController.swift */,
				E59672401FBBDD0400D02F55 /* SectionTableViewController.swift */,
				B512D9841FBBD81C001027F4 /* CourseListTableViewCell.swift */,
				E5BA3B111FC240FD003DF7B2 /* SectionListTableViewCell.swift */,
				E5A4709E1FC25B950043247C /* CourseDetailsTableViewCell.swift */,
				B580CA601FA692D400945EE6 /* AddCourseViewController.swift */,
				BF3AF74E1FA9688F00888E34 /* SectionTableViewCell.swift */,
				E59672421FBBDE4A00D02F55 /* GoalReacherViewController.swift */,
				E50A546D1FC2939900D656D4 /* AddNewGradeViewController.swift */,
				E590FFE81FD3459B0065F2CB /* Resource.swift */,
				E590FFEA1FD346460065F2CB /* ResourceList.swift */,
				E5A48A161FA8F42900435C02 /* Config.swift */,
				B53552EB1FB7E99F00F8995E /* SemesterConfig.swift */,
				E5BA3B0F1FC0F225003DF7B2 /* CourseConfig.swift */,
				E5A4709C1FC2503A0043247C /* SectionConfig.swift */,
				B57FDBA51FCE4CEF006C4BC3 /* SettingsViewController.swift */,
				B56EB4291FD3580900942FC5 /* GraphViewController.swift */,
				B580CA411FA6769500945EE6 /* Main.storyboard */,
				B580CA471FA6769500945EE6 /* Assets.xcassets */,
				B580CA491FA6769500945EE6 /* LaunchScreen.storyboard */,
				B580CA4C1FA6769500945EE6 /* Info.plist */,
				B580CA441FA6769500945EE6 /* GPA_Pal.xcdatamodeld */,
			);
			path = "GPA Pal";
			sourceTree = "<group>";
		};
		E0D97914EEAA31C206F7CC3C /* Frameworks */ = {
			isa = PBXGroup;
			children = (
				211CF7101DA84588E9039062 /* Pods_GPA_Pal.framework */,
			);
			name = Frameworks;
			sourceTree = "<group>";
		};
/* End PBXGroup section */

/* Begin PBXNativeTarget section */
		B580CA391FA6769500945EE6 /* GPA Pal */ = {
			isa = PBXNativeTarget;
			buildConfigurationList = B580CA4F1FA6769500945EE6 /* Build configuration list for PBXNativeTarget "GPA Pal" */;
			buildPhases = (
				77546994949AD652CF9D2623 /* [CP] Check Pods Manifest.lock */,
				B580CA361FA6769500945EE6 /* Sources */,
				B580CA371FA6769500945EE6 /* Frameworks */,
				B580CA381FA6769500945EE6 /* Resources */,
				69C6105045477EB96253D45C /* [CP] Embed Pods Frameworks */,
				24BDFD1323B6C9A197BC5D5C /* [CP] Copy Pods Resources */,
			);
			buildRules = (
			);
			dependencies = (
			);
			name = "GPA Pal";
			productName = "GPA Pal";
			productReference = B580CA3A1FA6769500945EE6 /* GPA Pal.app */;
			productType = "com.apple.product-type.application";
		};
/* End PBXNativeTarget section */

/* Begin PBXProject section */
		B580CA321FA6769500945EE6 /* Project object */ = {
			isa = PBXProject;
			attributes = {
				LastSwiftUpdateCheck = 0900;
				LastUpgradeCheck = 0900;
				ORGANIZATIONNAME = "Ben Torres";
				TargetAttributes = {
					B580CA391FA6769500945EE6 = {
						CreatedOnToolsVersion = 9.0.1;
						ProvisioningStyle = Automatic;
					};
				};
			};
			buildConfigurationList = B580CA351FA6769500945EE6 /* Build configuration list for PBXProject "GPA Pal" */;
			compatibilityVersion = "Xcode 8.0";
			developmentRegion = en;
			hasScannedForEncodings = 0;
			knownRegions = (
				en,
				Base,
			);
			mainGroup = B580CA311FA6769500945EE6;
			productRefGroup = B580CA3B1FA6769500945EE6 /* Products */;
			projectDirPath = "";
			projectRoot = "";
			targets = (
				B580CA391FA6769500945EE6 /* GPA Pal */,
			);
		};
/* End PBXProject section */

/* Begin PBXResourcesBuildPhase section */
		B580CA381FA6769500945EE6 /* Resources */ = {
			isa = PBXResourcesBuildPhase;
			buildActionMask = 2147483647;
			files = (
				B580CA4B1FA6769500945EE6 /* LaunchScreen.storyboard in Resources */,
				B580CA481FA6769500945EE6 /* Assets.xcassets in Resources */,
				B580CA431FA6769500945EE6 /* Main.storyboard in Resources */,
				B5E429491FA9554A0041DF1A /* Group4README in Resources */,
			);
			runOnlyForDeploymentPostprocessing = 0;
		};
/* End PBXResourcesBuildPhase section */

/* Begin PBXShellScriptBuildPhase section */
		24BDFD1323B6C9A197BC5D5C /* [CP] Copy Pods Resources */ = {
			isa = PBXShellScriptBuildPhase;
			buildActionMask = 2147483647;
			files = (
			);
			inputPaths = (
			);
			name = "[CP] Copy Pods Resources";
			outputPaths = (
			);
			runOnlyForDeploymentPostprocessing = 0;
			shellPath = /bin/sh;
			shellScript = "\"${SRCROOT}/Pods/Target Support Files/Pods-GPA Pal/Pods-GPA Pal-resources.sh\"\n";
			showEnvVarsInLog = 0;
		};
		69C6105045477EB96253D45C /* [CP] Embed Pods Frameworks */ = {
			isa = PBXShellScriptBuildPhase;
			buildActionMask = 2147483647;
			files = (
			);
			inputPaths = (
				"${SRCROOT}/Pods/Target Support Files/Pods-GPA Pal/Pods-GPA Pal-frameworks.sh",
				"${BUILT_PRODUCTS_DIR}/Charts/Charts.framework",
			);
			name = "[CP] Embed Pods Frameworks";
			outputPaths = (
				"${TARGET_BUILD_DIR}/${FRAMEWORKS_FOLDER_PATH}/Charts.framework",
			);
			runOnlyForDeploymentPostprocessing = 0;
			shellPath = /bin/sh;
			shellScript = "\"${SRCROOT}/Pods/Target Support Files/Pods-GPA Pal/Pods-GPA Pal-frameworks.sh\"\n";
			showEnvVarsInLog = 0;
		};
		77546994949AD652CF9D2623 /* [CP] Check Pods Manifest.lock */ = {
			isa = PBXShellScriptBuildPhase;
			buildActionMask = 2147483647;
			files = (
			);
			inputPaths = (
				"${PODS_PODFILE_DIR_PATH}/Podfile.lock",
				"${PODS_ROOT}/Manifest.lock",
			);
			name = "[CP] Check Pods Manifest.lock";
			outputPaths = (
				"$(DERIVED_FILE_DIR)/Pods-GPA Pal-checkManifestLockResult.txt",
			);
			runOnlyForDeploymentPostprocessing = 0;
			shellPath = /bin/sh;
			shellScript = "diff \"${PODS_PODFILE_DIR_PATH}/Podfile.lock\" \"${PODS_ROOT}/Manifest.lock\" > /dev/null\nif [ $? != 0 ] ; then\n    # print error to STDERR\n    echo \"error: The sandbox is not in sync with the Podfile.lock. Run 'pod install' or update your CocoaPods installation.\" >&2\n    exit 1\nfi\n# This output is used by Xcode 'outputs' to avoid re-running this script phase.\necho \"SUCCESS\" > \"${SCRIPT_OUTPUT_FILE_0}\"\n";
			showEnvVarsInLog = 0;
		};
/* End PBXShellScriptBuildPhase section */

/* Begin PBXSourcesBuildPhase section */
		B580CA361FA6769500945EE6 /* Sources */ = {
			isa = PBXSourcesBuildPhase;
			buildActionMask = 2147483647;
			files = (
				B512D9851FBBD81C001027F4 /* CourseListTableViewCell.swift in Sources */,
				B580CA531FA682FC00945EE6 /* LoginViewController.swift in Sources */,
				B57FDBA61FCE4CEF006C4BC3 /* SettingsViewController.swift in Sources */,
				E590FFE91FD3459B0065F2CB /* Resource.swift in Sources */,
				E5A4709F1FC25B950043247C /* CourseDetailsTableViewCell.swift in Sources */,
				B580CA611FA692D400945EE6 /* AddCourseViewController.swift in Sources */,
				E590FFEB1FD346460065F2CB /* ResourceList.swift in Sources */,
				E5A4709D1FC2503A0043247C /* SectionConfig.swift in Sources */,
				E5A48A171FA8F42900435C02 /* Config.swift in Sources */,
				BF3AF74F1FA9688F00888E34 /* SectionTableViewCell.swift in Sources */,
				B580CA461FA6769500945EE6 /* GPA_Pal.xcdatamodeld in Sources */,
				B53552EC1FB7E99F00F8995E /* SemesterConfig.swift in Sources */,
				B580CA551FA6849F00945EE6 /* SignUpViewController.swift in Sources */,
				E5BA3B101FC0F225003DF7B2 /* CourseConfig.swift in Sources */,
				B580CA5B1FA689AE00945EE6 /* SemestersTableViewCell.swift in Sources */,
				B580CA571FA6862700945EE6 /* SemestersViewController.swift in Sources */,
				E59672411FBBDD0400D02F55 /* SectionTableViewController.swift in Sources */,
				B580CA3E1FA6769500945EE6 /* AppDelegate.swift in Sources */,
				E50A546E1FC2939900D656D4 /* AddNewGradeViewController.swift in Sources */,
				E5BA3B121FC240FD003DF7B2 /* SectionListTableViewCell.swift in Sources */,
				E59672451FBBDF8800D02F55 /* CourseDetailsViewController.swift in Sources */,
				B56EB42A1FD3580900942FC5 /* GraphViewController.swift in Sources */,
				E59672431FBBDE4A00D02F55 /* GoalReacherViewController.swift in Sources */,
				B580CA5F1FA68DDE00945EE6 /* CourseViewController.swift in Sources */,
			);
			runOnlyForDeploymentPostprocessing = 0;
		};
/* End PBXSourcesBuildPhase section */

/* Begin PBXVariantGroup section */
		B580CA411FA6769500945EE6 /* Main.storyboard */ = {
			isa = PBXVariantGroup;
			children = (
				B580CA421FA6769500945EE6 /* Base */,
			);
			name = Main.storyboard;
			sourceTree = "<group>";
		};
		B580CA491FA6769500945EE6 /* LaunchScreen.storyboard */ = {
			isa = PBXVariantGroup;
			children = (
				B580CA4A1FA6769500945EE6 /* Base */,
			);
			name = LaunchScreen.storyboard;
			sourceTree = "<group>";
		};
/* End PBXVariantGroup section */

/* Begin XCBuildConfiguration section */
		B580CA4D1FA6769500945EE6 /* Debug */ = {
			isa = XCBuildConfiguration;
			buildSettings = {
				ALWAYS_SEARCH_USER_PATHS = NO;
				CLANG_ANALYZER_NONNULL = YES;
				CLANG_ANALYZER_NUMBER_OBJECT_CONVERSION = YES_AGGRESSIVE;
				CLANG_CXX_LANGUAGE_STANDARD = "gnu++14";
				CLANG_CXX_LIBRARY = "libc++";
				CLANG_ENABLE_MODULES = YES;
				CLANG_ENABLE_OBJC_ARC = YES;
				CLANG_WARN_BLOCK_CAPTURE_AUTORELEASING = YES;
				CLANG_WARN_BOOL_CONVERSION = YES;
				CLANG_WARN_COMMA = YES;
				CLANG_WARN_CONSTANT_CONVERSION = YES;
				CLANG_WARN_DIRECT_OBJC_ISA_USAGE = YES_ERROR;
				CLANG_WARN_DOCUMENTATION_COMMENTS = YES;
				CLANG_WARN_EMPTY_BODY = YES;
				CLANG_WARN_ENUM_CONVERSION = YES;
				CLANG_WARN_INFINITE_RECURSION = YES;
				CLANG_WARN_INT_CONVERSION = YES;
				CLANG_WARN_NON_LITERAL_NULL_CONVERSION = YES;
				CLANG_WARN_OBJC_LITERAL_CONVERSION = YES;
				CLANG_WARN_OBJC_ROOT_CLASS = YES_ERROR;
				CLANG_WARN_RANGE_LOOP_ANALYSIS = YES;
				CLANG_WARN_STRICT_PROTOTYPES = YES;
				CLANG_WARN_SUSPICIOUS_MOVE = YES;
				CLANG_WARN_UNGUARDED_AVAILABILITY = YES_AGGRESSIVE;
				CLANG_WARN_UNREACHABLE_CODE = YES;
				CLANG_WARN__DUPLICATE_METHOD_MATCH = YES;
				CODE_SIGN_IDENTITY = "iPhone Developer";
				COPY_PHASE_STRIP = NO;
				DEBUG_INFORMATION_FORMAT = dwarf;
				ENABLE_STRICT_OBJC_MSGSEND = YES;
				ENABLE_TESTABILITY = YES;
				GCC_C_LANGUAGE_STANDARD = gnu11;
				GCC_DYNAMIC_NO_PIC = NO;
				GCC_NO_COMMON_BLOCKS = YES;
				GCC_OPTIMIZATION_LEVEL = 0;
				GCC_PREPROCESSOR_DEFINITIONS = (
					"DEBUG=1",
					"$(inherited)",
				);
				GCC_WARN_64_TO_32_BIT_CONVERSION = YES;
				GCC_WARN_ABOUT_RETURN_TYPE = YES_ERROR;
				GCC_WARN_UNDECLARED_SELECTOR = YES;
				GCC_WARN_UNINITIALIZED_AUTOS = YES_AGGRESSIVE;
				GCC_WARN_UNUSED_FUNCTION = YES;
				GCC_WARN_UNUSED_VARIABLE = YES;
				IPHONEOS_DEPLOYMENT_TARGET = 11.0;
				MTL_ENABLE_DEBUG_INFO = YES;
				ONLY_ACTIVE_ARCH = YES;
				SDKROOT = iphoneos;
				SWIFT_ACTIVE_COMPILATION_CONDITIONS = DEBUG;
				SWIFT_OPTIMIZATION_LEVEL = "-Onone";
			};
			name = Debug;
		};
		B580CA4E1FA6769500945EE6 /* Release */ = {
			isa = XCBuildConfiguration;
			buildSettings = {
				ALWAYS_SEARCH_USER_PATHS = NO;
				CLANG_ANALYZER_NONNULL = YES;
				CLANG_ANALYZER_NUMBER_OBJECT_CONVERSION = YES_AGGRESSIVE;
				CLANG_CXX_LANGUAGE_STANDARD = "gnu++14";
				CLANG_CXX_LIBRARY = "libc++";
				CLANG_ENABLE_MODULES = YES;
				CLANG_ENABLE_OBJC_ARC = YES;
				CLANG_WARN_BLOCK_CAPTURE_AUTORELEASING = YES;
				CLANG_WARN_BOOL_CONVERSION = YES;
				CLANG_WARN_COMMA = YES;
				CLANG_WARN_CONSTANT_CONVERSION = YES;
				CLANG_WARN_DIRECT_OBJC_ISA_USAGE = YES_ERROR;
				CLANG_WARN_DOCUMENTATION_COMMENTS = YES;
				CLANG_WARN_EMPTY_BODY = YES;
				CLANG_WARN_ENUM_CONVERSION = YES;
				CLANG_WARN_INFINITE_RECURSION = YES;
				CLANG_WARN_INT_CONVERSION = YES;
				CLANG_WARN_NON_LITERAL_NULL_CONVERSION = YES;
				CLANG_WARN_OBJC_LITERAL_CONVERSION = YES;
				CLANG_WARN_OBJC_ROOT_CLASS = YES_ERROR;
				CLANG_WARN_RANGE_LOOP_ANALYSIS = YES;
				CLANG_WARN_STRICT_PROTOTYPES = YES;
				CLANG_WARN_SUSPICIOUS_MOVE = YES;
				CLANG_WARN_UNGUARDED_AVAILABILITY = YES_AGGRESSIVE;
				CLANG_WARN_UNREACHABLE_CODE = YES;
				CLANG_WARN__DUPLICATE_METHOD_MATCH = YES;
				CODE_SIGN_IDENTITY = "iPhone Developer";
				COPY_PHASE_STRIP = NO;
				DEBUG_INFORMATION_FORMAT = "dwarf-with-dsym";
				ENABLE_NS_ASSERTIONS = NO;
				ENABLE_STRICT_OBJC_MSGSEND = YES;
				GCC_C_LANGUAGE_STANDARD = gnu11;
				GCC_NO_COMMON_BLOCKS = YES;
				GCC_WARN_64_TO_32_BIT_CONVERSION = YES;
				GCC_WARN_ABOUT_RETURN_TYPE = YES_ERROR;
				GCC_WARN_UNDECLARED_SELECTOR = YES;
				GCC_WARN_UNINITIALIZED_AUTOS = YES_AGGRESSIVE;
				GCC_WARN_UNUSED_FUNCTION = YES;
				GCC_WARN_UNUSED_VARIABLE = YES;
				IPHONEOS_DEPLOYMENT_TARGET = 11.0;
				MTL_ENABLE_DEBUG_INFO = NO;
				SDKROOT = iphoneos;
				SWIFT_OPTIMIZATION_LEVEL = "-Owholemodule";
				VALIDATE_PRODUCT = YES;
			};
			name = Release;
		};
		B580CA501FA6769500945EE6 /* Debug */ = {
			isa = XCBuildConfiguration;
			baseConfigurationReference = D49B5AEA9C243D80DE22816E /* Pods-GPA Pal.debug.xcconfig */;
			buildSettings = {
				ASSETCATALOG_COMPILER_APPICON_NAME = AppIcon;
				CODE_SIGN_STYLE = Automatic;
				DEVELOPMENT_TEAM = 9D9E7HBF5T;
				INFOPLIST_FILE = "GPA Pal/Info.plist";
				LD_RUNPATH_SEARCH_PATHS = "$(inherited) @executable_path/Frameworks";
				PRODUCT_BUNDLE_IDENTIFIER = "group4.GPA-Pal";
				PRODUCT_NAME = "$(TARGET_NAME)";
				SWIFT_VERSION = 4.0;
				TARGETED_DEVICE_FAMILY = "1,2";
			};
			name = Debug;
		};
		B580CA511FA6769500945EE6 /* Release */ = {
			isa = XCBuildConfiguration;
			baseConfigurationReference = 770ABE9940BB8818207EAAD6 /* Pods-GPA Pal.release.xcconfig */;
			buildSettings = {
				ASSETCATALOG_COMPILER_APPICON_NAME = AppIcon;
				CODE_SIGN_STYLE = Automatic;
				DEVELOPMENT_TEAM = 9D9E7HBF5T;
				INFOPLIST_FILE = "GPA Pal/Info.plist";
				LD_RUNPATH_SEARCH_PATHS = "$(inherited) @executable_path/Frameworks";
				PRODUCT_BUNDLE_IDENTIFIER = "group4.GPA-Pal";
				PRODUCT_NAME = "$(TARGET_NAME)";
				SWIFT_VERSION = 4.0;
				TARGETED_DEVICE_FAMILY = "1,2";
			};
			name = Release;
		};
/* End XCBuildConfiguration section */

/* Begin XCConfigurationList section */
		B580CA351FA6769500945EE6 /* Build configuration list for PBXProject "GPA Pal" */ = {
			isa = XCConfigurationList;
			buildConfigurations = (
				B580CA4D1FA6769500945EE6 /* Debug */,
				B580CA4E1FA6769500945EE6 /* Release */,
			);
			defaultConfigurationIsVisible = 0;
			defaultConfigurationName = Release;
		};
		B580CA4F1FA6769500945EE6 /* Build configuration list for PBXNativeTarget "GPA Pal" */ = {
			isa = XCConfigurationList;
			buildConfigurations = (
				B580CA501FA6769500945EE6 /* Debug */,
				B580CA511FA6769500945EE6 /* Release */,
			);
			defaultConfigurationIsVisible = 0;
			defaultConfigurationName = Release;
		};
/* End XCConfigurationList section */

/* Begin XCVersionGroup section */
		B580CA441FA6769500945EE6 /* GPA_Pal.xcdatamodeld */ = {
			isa = XCVersionGroup;
			children = (
				B580CA451FA6769500945EE6 /* GPA_Pal.xcdatamodel */,
			);
			currentVersion = B580CA451FA6769500945EE6 /* GPA_Pal.xcdatamodel */;
			path = GPA_Pal.xcdatamodeld;
			sourceTree = "<group>";
			versionGroupType = wrapper.xcdatamodel;
		};
/* End XCVersionGroup section */
	};
	rootObject = B580CA321FA6769500945EE6 /* Project object */;
}
